
Microsoft Visual Studio Solution File, Format Version 12.00
# Visual Studio Version 17
VisualStudioVersion = 17.12.35521.163 d17.12
MinimumVisualStudioVersion = 10.0.40219.1
Project("{2150E333-8FDC-42A3-9474-1A3956D46DE8}") = "Task0", "Task0", "{026B4742-E654-4693-A553-81B4D73DB393}"
EndProject
Project("{FAE04EC0-301F-11D3-BF4B-00C04F79EFBC}") = "Tyuiu.GairabekovMR.Sprint6.Task0.V25", "Tyuiu.GairabekovMR.Sprint6.Task0.V25\Tyuiu.GairabekovMR.Sprint6.Task0.V25.csproj", "{E5F7D4F5-4471-4663-B190-D42D95311C09}"
EndProject
Project("{FAE04EC0-301F-11D3-BF4B-00C04F79EFBC}") = "Tyuiu.GairabekovMR.Sprint6.Task0.V25.Lib", "Tyuiu.GairabekovMR.Sprint6.Task0.V25.Lib\Tyuiu.GairabekovMR.Sprint6.Task0.V25.Lib.csproj", "{0963585E-A0DA-43DC-B7D1-E99DD211C6EF}"
EndProject
Project("{FAE04EC0-301F-11D3-BF4B-00C04F79EFBC}") = "Tyuiu.GairabekovMR.Sprint6.Task0.V25.Test", "Tyuiu.GairabekovMR.Sprint6.Task0.V25.Test\Tyuiu.GairabekovMR.Sprint6.Task0.V25.Test.csproj", "{A69AD956-0C3C-43C2-8A2E-B5078DB47DE2}"
EndProject
Project("{2150E333-8FDC-42A3-9474-1A3956D46DE8}") = "Task1", "Task1", "{CADFAF12-0B99-458F-8B3E-D33DED4B8AC7}"
EndProject
Project("{FAE04EC0-301F-11D3-BF4B-00C04F79EFBC}") = "Tyuiu.GairabekovMR.Sprint6.Task1.V28", "Tyuiu.GairabekovMR.Sprint6.Task1.V28\Tyuiu.GairabekovMR.Sprint6.Task1.V28.csproj", "{47B3EE03-494F-470D-835A-D552A6AD5648}"
EndProject
Project("{FAE04EC0-301F-11D3-BF4B-00C04F79EFBC}") = "Tyuiu.GairabekovMR.Sprint6.Task1.V28.Lib", "Tyuiu.GairabekovMR.Sprint6.Task1.V28.Lib\Tyuiu.GairabekovMR.Sprint6.Task1.V28.Lib.csproj", "{D5ECCFDB-8FD0-4EC6-9093-F1DEE1988086}"
EndProject
Project("{FAE04EC0-301F-11D3-BF4B-00C04F79EFBC}") = "Tyuiu.GairabekovMR.Sprint6.Task1.V28.Test", "Tyuiu.GairabekovMR.Sprint6.Task1.V28.Test\Tyuiu.GairabekovMR.Sprint6.Task1.V28.Test.csproj", "{CA1F12C7-A53A-4B2C-A5BC-776CF4496E6A}"
EndProject
Project("{2150E333-8FDC-42A3-9474-1A3956D46DE8}") = "Task2", "Task2", "{EB1BF42C-0D8A-427E-AB35-BB55519F4393}"
EndProject
Project("{FAE04EC0-301F-11D3-BF4B-00C04F79EFBC}") = "Tyuiu.GairabekovMR.Sprint6.Task2.V7", "Tyuiu.GairabekovMR.Sprint6.Task2.V7\Tyuiu.GairabekovMR.Sprint6.Task2.V7.csproj", "{3793C025-7A10-4E1F-91D5-0D826FFF643F}"
EndProject
Project("{FAE04EC0-301F-11D3-BF4B-00C04F79EFBC}") = "Tyuiu.GairabekovMR.Sprint6.Task2.V7.Lib", "Tyuiu.GairabekovMR.Sprint6.Task2.V7.Lib\Tyuiu.GairabekovMR.Sprint6.Task2.V7.Lib.csproj", "{BCFE567F-0413-4D7A-8273-8DD9E7249902}"
EndProject
Project("{FAE04EC0-301F-11D3-BF4B-00C04F79EFBC}") = "Tyuiu.GairabekovMR.Sprint6.Task2.V7.Test", "Tyuiu.GairabekovMR.Sprint6.Task2.V7.Test\Tyuiu.GairabekovMR.Sprint6.Task2.V7.Test.csproj", "{A07E5B35-D782-410A-9D88-94137271629E}"
EndProject
Project("{2150E333-8FDC-42A3-9474-1A3956D46DE8}") = "Task3", "Task3", "{9E074F5F-6D27-4C2B-AA8E-12BC2E5C96B6}"
EndProject
Project("{FAE04EC0-301F-11D3-BF4B-00C04F79EFBC}") = "Tyuiu.GairabekovMR.Sprint6.Task3.V19", "Tyuiu.GairabekovMR.Sprint6.Task3.V19\Tyuiu.GairabekovMR.Sprint6.Task3.V19.csproj", "{333C3B76-B765-4540-9848-DF6C5C09C335}"
EndProject
Project("{FAE04EC0-301F-11D3-BF4B-00C04F79EFBC}") = "Tyuiu.GairabekovMR.Sprint6.Task3.V19.Lib", "Tyuiu.GairabekovMR.Sprint6.Task3.V19.Lib\Tyuiu.GairabekovMR.Sprint6.Task3.V19.Lib.csproj", "{D46B92C1-1078-4741-B805-E7CE0077FB54}"
EndProject
Project("{FAE04EC0-301F-11D3-BF4B-00C04F79EFBC}") = "Tyuiu.GairabekovMR.Sprint6.Task3.V19.Test", "Tyuiu.GairabekovMR.Sprint6.Task3.V19.Test\Tyuiu.GairabekovMR.Sprint6.Task3.V19.Test.csproj", "{04A50E10-A256-4F4F-AFEF-67BC965437FF}"
EndProject
Project("{2150E333-8FDC-42A3-9474-1A3956D46DE8}") = "Task4", "Task4", "{1DCE8A15-2FBB-483E-AA77-7BE13AD474D8}"
EndProject
Project("{FAE04EC0-301F-11D3-BF4B-00C04F79EFBC}") = "Tyuiu.GairabekovMR.Sprint6.Task4.V28", "Tyuiu.GairabekovMR.Sprint6.Task4.V28\Tyuiu.GairabekovMR.Sprint6.Task4.V28.csproj", "{14858D8A-8FC0-47E2-A185-5EAC708D1633}"
EndProject
Project("{FAE04EC0-301F-11D3-BF4B-00C04F79EFBC}") = "Tyuiu.GairabekovMR.Sprint6.Task4.V28.Lib", "Tyuiu.GairabekovMR.Sprint6.Task4.V28.Lib\Tyuiu.GairabekovMR.Sprint6.Task4.V28.Lib.csproj", "{3A00C865-F2BB-4A85-8938-64005F9833B5}"
EndProject
Project("{FAE04EC0-301F-11D3-BF4B-00C04F79EFBC}") = "Tyuiu.GairabekovMR.Sprint6.Task4.V28.Test", "Tyuiu.GairabekovMR.Sprint6.Task4.V28.Test\Tyuiu.GairabekovMR.Sprint6.Task4.V28.Test.csproj", "{EF485AB8-27B5-4A8B-A38F-07A98FA27225}"
EndProject
Project("{2150E333-8FDC-42A3-9474-1A3956D46DE8}") = "Task5", "Task5", "{9D5F34D5-2A37-40B5-90E8-55BA9D4710FE}"
EndProject
Project("{FAE04EC0-301F-11D3-BF4B-00C04F79EFBC}") = "Tyuiu.GairabekovMR.Sprint6.Task5.V17", "Tyuiu.GairabekovMR.Sprint6.Task5.V17\Tyuiu.GairabekovMR.Sprint6.Task5.V17.csproj", "{B3CC3C20-2155-4D6B-8F5D-7A72BD69FCEA}"
EndProject
Project("{FAE04EC0-301F-11D3-BF4B-00C04F79EFBC}") = "Tyuiu.GairabekovMR.Sprint6.Task5.V17.Lib", "Tyuiu.GairabekovMR.Sprint6.Task5.V17.Lib\Tyuiu.GairabekovMR.Sprint6.Task5.V17.Lib.csproj", "{39CC037A-799F-4619-BB43-03731D21CF71}"
EndProject
Project("{FAE04EC0-301F-11D3-BF4B-00C04F79EFBC}") = "Tyuiu.GairabekovMR.Sprint6.Task5.V17.Test", "Tyuiu.GairabekovMR.Sprint6.Task5.V17.Test\Tyuiu.GairabekovMR.Sprint6.Task5.V17.Test.csproj", "{3CB7052E-1E56-48E6-8054-00787B8A3A62}"
EndProject
Global
	GlobalSection(SolutionConfigurationPlatforms) = preSolution
		Debug|Any CPU = Debug|Any CPU
		Release|Any CPU = Release|Any CPU
	EndGlobalSection
	GlobalSection(ProjectConfigurationPlatforms) = postSolution
		{E5F7D4F5-4471-4663-B190-D42D95311C09}.Debug|Any CPU.ActiveCfg = Debug|Any CPU
		{E5F7D4F5-4471-4663-B190-D42D95311C09}.Debug|Any CPU.Build.0 = Debug|Any CPU
		{E5F7D4F5-4471-4663-B190-D42D95311C09}.Release|Any CPU.ActiveCfg = Release|Any CPU
		{E5F7D4F5-4471-4663-B190-D42D95311C09}.Release|Any CPU.Build.0 = Release|Any CPU
		{0963585E-A0DA-43DC-B7D1-E99DD211C6EF}.Debug|Any CPU.ActiveCfg = Debug|Any CPU
		{0963585E-A0DA-43DC-B7D1-E99DD211C6EF}.Debug|Any CPU.Build.0 = Debug|Any CPU
		{0963585E-A0DA-43DC-B7D1-E99DD211C6EF}.Release|Any CPU.ActiveCfg = Release|Any CPU
		{0963585E-A0DA-43DC-B7D1-E99DD211C6EF}.Release|Any CPU.Build.0 = Release|Any CPU
		{A69AD956-0C3C-43C2-8A2E-B5078DB47DE2}.Debug|Any CPU.ActiveCfg = Debug|Any CPU
		{A69AD956-0C3C-43C2-8A2E-B5078DB47DE2}.Debug|Any CPU.Build.0 = Debug|Any CPU
		{A69AD956-0C3C-43C2-8A2E-B5078DB47DE2}.Release|Any CPU.ActiveCfg = Release|Any CPU
		{A69AD956-0C3C-43C2-8A2E-B5078DB47DE2}.Release|Any CPU.Build.0 = Release|Any CPU
		{47B3EE03-494F-470D-835A-D552A6AD5648}.Debug|Any CPU.ActiveCfg = Debug|Any CPU
		{47B3EE03-494F-470D-835A-D552A6AD5648}.Debug|Any CPU.Build.0 = Debug|Any CPU
		{47B3EE03-494F-470D-835A-D552A6AD5648}.Release|Any CPU.ActiveCfg = Release|Any CPU
		{47B3EE03-494F-470D-835A-D552A6AD5648}.Release|Any CPU.Build.0 = Release|Any CPU
		{D5ECCFDB-8FD0-4EC6-9093-F1DEE1988086}.Debug|Any CPU.ActiveCfg = Debug|Any CPU
		{D5ECCFDB-8FD0-4EC6-9093-F1DEE1988086}.Debug|Any CPU.Build.0 = Debug|Any CPU
		{D5ECCFDB-8FD0-4EC6-9093-F1DEE1988086}.Release|Any CPU.ActiveCfg = Release|Any CPU
		{D5ECCFDB-8FD0-4EC6-9093-F1DEE1988086}.Release|Any CPU.Build.0 = Release|Any CPU
		{CA1F12C7-A53A-4B2C-A5BC-776CF4496E6A}.Debug|Any CPU.ActiveCfg = Debug|Any CPU
		{CA1F12C7-A53A-4B2C-A5BC-776CF4496E6A}.Debug|Any CPU.Build.0 = Debug|Any CPU
		{CA1F12C7-A53A-4B2C-A5BC-776CF4496E6A}.Release|Any CPU.ActiveCfg = Release|Any CPU
		{CA1F12C7-A53A-4B2C-A5BC-776CF4496E6A}.Release|Any CPU.Build.0 = Release|Any CPU
		{3793C025-7A10-4E1F-91D5-0D826FFF643F}.Debug|Any CPU.ActiveCfg = Debug|Any CPU
		{3793C025-7A10-4E1F-91D5-0D826FFF643F}.Debug|Any CPU.Build.0 = Debug|Any CPU
		{3793C025-7A10-4E1F-91D5-0D826FFF643F}.Release|Any CPU.ActiveCfg = Release|Any CPU
		{3793C025-7A10-4E1F-91D5-0D826FFF643F}.Release|Any CPU.Build.0 = Release|Any CPU
		{BCFE567F-0413-4D7A-8273-8DD9E7249902}.Debug|Any CPU.ActiveCfg = Debug|Any CPU
		{BCFE567F-0413-4D7A-8273-8DD9E7249902}.Debug|Any CPU.Build.0 = Debug|Any CPU
		{BCFE567F-0413-4D7A-8273-8DD9E7249902}.Release|Any CPU.ActiveCfg = Release|Any CPU
		{BCFE567F-0413-4D7A-8273-8DD9E7249902}.Release|Any CPU.Build.0 = Release|Any CPU
		{A07E5B35-D782-410A-9D88-94137271629E}.Debug|Any CPU.ActiveCfg = Debug|Any CPU
		{A07E5B35-D782-410A-9D88-94137271629E}.Debug|Any CPU.Build.0 = Debug|Any CPU
		{A07E5B35-D782-410A-9D88-94137271629E}.Release|Any CPU.ActiveCfg = Release|Any CPU
		{A07E5B35-D782-410A-9D88-94137271629E}.Release|Any CPU.Build.0 = Release|Any CPU
		{333C3B76-B765-4540-9848-DF6C5C09C335}.Debug|Any CPU.ActiveCfg = Debug|Any CPU
		{333C3B76-B765-4540-9848-DF6C5C09C335}.Debug|Any CPU.Build.0 = Debug|Any CPU
		{333C3B76-B765-4540-9848-DF6C5C09C335}.Release|Any CPU.ActiveCfg = Release|Any CPU
		{333C3B76-B765-4540-9848-DF6C5C09C335}.Release|Any CPU.Build.0 = Release|Any CPU
		{D46B92C1-1078-4741-B805-E7CE0077FB54}.Debug|Any CPU.ActiveCfg = Debug|Any CPU
		{D46B92C1-1078-4741-B805-E7CE0077FB54}.Debug|Any CPU.Build.0 = Debug|Any CPU
		{D46B92C1-1078-4741-B805-E7CE0077FB54}.Release|Any CPU.ActiveCfg = Release|Any CPU
		{D46B92C1-1078-4741-B805-E7CE0077FB54}.Release|Any CPU.Build.0 = Release|Any CPU
		{04A50E10-A256-4F4F-AFEF-67BC965437FF}.Debug|Any CPU.ActiveCfg = Debug|Any CPU
		{04A50E10-A256-4F4F-AFEF-67BC965437FF}.Debug|Any CPU.Build.0 = Debug|Any CPU
		{04A50E10-A256-4F4F-AFEF-67BC965437FF}.Release|Any CPU.ActiveCfg = Release|Any CPU
		{04A50E10-A256-4F4F-AFEF-67BC965437FF}.Release|Any CPU.Build.0 = Release|Any CPU
		{14858D8A-8FC0-47E2-A185-5EAC708D1633}.Debug|Any CPU.ActiveCfg = Debug|Any CPU
		{14858D8A-8FC0-47E2-A185-5EAC708D1633}.Debug|Any CPU.Build.0 = Debug|Any CPU
		{14858D8A-8FC0-47E2-A185-5EAC708D1633}.Release|Any CPU.ActiveCfg = Release|Any CPU
		{14858D8A-8FC0-47E2-A185-5EAC708D1633}.Release|Any CPU.Build.0 = Release|Any CPU
		{3A00C865-F2BB-4A85-8938-64005F9833B5}.Debug|Any CPU.ActiveCfg = Debug|Any CPU
		{3A00C865-F2BB-4A85-8938-64005F9833B5}.Debug|Any CPU.Build.0 = Debug|Any CPU
		{3A00C865-F2BB-4A85-8938-64005F9833B5}.Release|Any CPU.ActiveCfg = Release|Any CPU
		{3A00C865-F2BB-4A85-8938-64005F9833B5}.Release|Any CPU.Build.0 = Release|Any CPU
		{EF485AB8-27B5-4A8B-A38F-07A98FA27225}.Debug|Any CPU.ActiveCfg = Debug|Any CPU
		{EF485AB8-27B5-4A8B-A38F-07A98FA27225}.Debug|Any CPU.Build.0 = Debug|Any CPU
		{EF485AB8-27B5-4A8B-A38F-07A98FA27225}.Release|Any CPU.ActiveCfg = Release|Any CPU
		{EF485AB8-27B5-4A8B-A38F-07A98FA27225}.Release|Any CPU.Build.0 = Release|Any CPU
		{B3CC3C20-2155-4D6B-8F5D-7A72BD69FCEA}.Debug|Any CPU.ActiveCfg = Debug|Any CPU
		{B3CC3C20-2155-4D6B-8F5D-7A72BD69FCEA}.Debug|Any CPU.Build.0 = Debug|Any CPU
		{B3CC3C20-2155-4D6B-8F5D-7A72BD69FCEA}.Release|Any CPU.ActiveCfg = Release|Any CPU
		{B3CC3C20-2155-4D6B-8F5D-7A72BD69FCEA}.Release|Any CPU.Build.0 = Release|Any CPU
		{39CC037A-799F-4619-BB43-03731D21CF71}.Debug|Any CPU.ActiveCfg = Debug|Any CPU
		{39CC037A-799F-4619-BB43-03731D21CF71}.Debug|Any CPU.Build.0 = Debug|Any CPU
		{39CC037A-799F-4619-BB43-03731D21CF71}.Release|Any CPU.ActiveCfg = Release|Any CPU
		{39CC037A-799F-4619-BB43-03731D21CF71}.Release|Any CPU.Build.0 = Release|Any CPU
		{3CB7052E-1E56-48E6-8054-00787B8A3A62}.Debug|Any CPU.ActiveCfg = Debug|Any CPU
		{3CB7052E-1E56-48E6-8054-00787B8A3A62}.Debug|Any CPU.Build.0 = Debug|Any CPU
		{3CB7052E-1E56-48E6-8054-00787B8A3A62}.Release|Any CPU.ActiveCfg = Release|Any CPU
		{3CB7052E-1E56-48E6-8054-00787B8A3A62}.Release|Any CPU.Build.0 = Release|Any CPU
	EndGlobalSection
	GlobalSection(SolutionProperties) = preSolution
		HideSolutionNode = FALSE
	EndGlobalSection
	GlobalSection(NestedProjects) = preSolution
		{E5F7D4F5-4471-4663-B190-D42D95311C09} = {026B4742-E654-4693-A553-81B4D73DB393}
		{0963585E-A0DA-43DC-B7D1-E99DD211C6EF} = {026B4742-E654-4693-A553-81B4D73DB393}
		{A69AD956-0C3C-43C2-8A2E-B5078DB47DE2} = {026B4742-E654-4693-A553-81B4D73DB393}
		{47B3EE03-494F-470D-835A-D552A6AD5648} = {CADFAF12-0B99-458F-8B3E-D33DED4B8AC7}
		{D5ECCFDB-8FD0-4EC6-9093-F1DEE1988086} = {CADFAF12-0B99-458F-8B3E-D33DED4B8AC7}
		{CA1F12C7-A53A-4B2C-A5BC-776CF4496E6A} = {CADFAF12-0B99-458F-8B3E-D33DED4B8AC7}
		{3793C025-7A10-4E1F-91D5-0D826FFF643F} = {EB1BF42C-0D8A-427E-AB35-BB55519F4393}
		{BCFE567F-0413-4D7A-8273-8DD9E7249902} = {EB1BF42C-0D8A-427E-AB35-BB55519F4393}
		{A07E5B35-D782-410A-9D88-94137271629E} = {EB1BF42C-0D8A-427E-AB35-BB55519F4393}
		{333C3B76-B765-4540-9848-DF6C5C09C335} = {9E074F5F-6D27-4C2B-AA8E-12BC2E5C96B6}
		{D46B92C1-1078-4741-B805-E7CE0077FB54} = {9E074F5F-6D27-4C2B-AA8E-12BC2E5C96B6}
		{04A50E10-A256-4F4F-AFEF-67BC965437FF} = {9E074F5F-6D27-4C2B-AA8E-12BC2E5C96B6}
		{14858D8A-8FC0-47E2-A185-5EAC708D1633} = {1DCE8A15-2FBB-483E-AA77-7BE13AD474D8}
		{3A00C865-F2BB-4A85-8938-64005F9833B5} = {1DCE8A15-2FBB-483E-AA77-7BE13AD474D8}
		{EF485AB8-27B5-4A8B-A38F-07A98FA27225} = {1DCE8A15-2FBB-483E-AA77-7BE13AD474D8}
		{B3CC3C20-2155-4D6B-8F5D-7A72BD69FCEA} = {9D5F34D5-2A37-40B5-90E8-55BA9D4710FE}
		{39CC037A-799F-4619-BB43-03731D21CF71} = {9D5F34D5-2A37-40B5-90E8-55BA9D4710FE}
		{3CB7052E-1E56-48E6-8054-00787B8A3A62} = {9D5F34D5-2A37-40B5-90E8-55BA9D4710FE}
	EndGlobalSection
EndGlobal
